version = 1
revision = 3
requires-python = ">=3.14"

[[package]]
name = "anyio"
version = "4.12.1"
source = { registry = "https://pypi.org/simple" }
dependencies = [
    { name = "idna" },
]
sdist = { url = "https://files.pythonhosted.org/packages/96/f0/5eb65b2bb0d09ac6776f2eb54adee6abe8228ea05b20a5ad0e4945de8aac/anyio-4.12.1.tar.gz", hash = "sha256:41cfcc3a4c85d3f05c932da7c26d0201ac36f72abd4435ba90d0464a3ffed703", size = 228685, upload-time = "2026-01-06T11:45:21.246Z" }
wheels = [
    { url = "https://files.pythonhosted.org/packages/38/0e/27be9fdef66e72d64c0cdc3cc2823101b80585f8119b5c112c2e8f5f7dab/anyio-4.12.1-py3-none-any.whl", hash = "sha256:d405828884fc140aa80a3c667b8beed277f1dfedec42ba031bd6ac3db606ab6c", size = 113592, upload-time = "2026-01-06T11:45:19.497Z" },
]

[[package]]
name = "asgiref"
version = "3.11.1"
source = { registry = "https://pypi.org/simple" }
sdist = { url = "https://files.pythonhosted.org/packages/63/40/f03da1264ae8f7cfdbf9146542e5e7e8100a4c66ab48e791df9a03d3f6c0/asgiref-3.11.1.tar.gz", hash = "sha256:5f184dc43b7e763efe848065441eac62229c9f7b0475f41f80e207a114eda4ce", size = 38550, upload-time = "2026-02-03T13:30:14.33Z" }
wheels = [
    { url = "https://files.pythonhosted.org/packages/5c/0a/a72d10ed65068e115044937873362e6e32fab1b7dce0046aeb224682c989/asgiref-3.11.1-py3-none-any.whl", hash = "sha256:e8667a091e69529631969fd45dc268fa79b99c92c5fcdda727757e52146ec133", size = 24345, upload-time = "2026-02-03T13:30:13.039Z" },
]

[[package]]
name = "boto3"
version = "1.42.59"
source = { registry = "https://pypi.org/simple" }
dependencies = [
    { name = "botocore" },
    { name = "jmespath" },
    { name = "s3transfer" },
]
sdist = { url = "https://files.pythonhosted.org/packages/b0/4e/499cb52aaee9468c346bcc1158965e24e72b4e2a20052725b680e0ac949b/boto3-1.42.59.tar.gz", hash = "sha256:6c4a14a4eb37b58a9048901bdeefbe1c529638b73e8f55413319a25f010ca211", size = 112725, upload-time = "2026-02-27T20:25:33.228Z" }
wheels = [
    { url = "https://files.pythonhosted.org/packages/17/c0/22d868b9408dc5a33935a72896ec8d638b2766c459668d1b37c3e5ac2066/boto3-1.42.59-py3-none-any.whl", hash = "sha256:7a66e3e8e2087ea4403e135e9de592e6d63fc9a91080d8dac415bb74df873a72", size = 140557, upload-time = "2026-02-27T20:25:31.774Z" },
]

[[package]]
name = "boto3-stubs"
version = "1.42.59"
source = { registry = "https://pypi.org/simple" }
dependencies = [
    { name = "botocore-stubs" },
    { name = "types-s3transfer" },
]
sdist = { url = "https://files.pythonhosted.org/packages/80/71/8544fa7874697fad677d1956397426915754114f5d2dfee436f662f0809f/boto3_stubs-1.42.59.tar.gz", hash = "sha256:4a6fc520560ee6a2cb9e05bdfcd45d4e07d9fb91cf483dfbd3a5ab87efe6b860", size = 101012, upload-time = "2026-02-27T20:47:29.017Z" }
wheels = [
    { url = "https://files.pythonhosted.org/packages/bd/f2/79308660f3732fe01a8ba204a9e0f8ab6587a12fd7b175d461454ea1e544/boto3_stubs-1.42.59-py3-none-any.whl", hash = "sha256:bef0080a1bbb3f6bfe0cdc0c3d0771bdb91729f5a415ad09397df1ec2aca7256", size = 69824, upload-time = "2026-02-27T20:47:19.061Z" },
]

[[package]]
name = "botocore"
version = "1.42.59"
source = { registry = "https://pypi.org/simple" }
dependencies = [
    { name = "jmespath" },
    { name = "python-dateutil" },
    { name = "urllib3" },
]
sdist = { url = "https://files.pythonhosted.org/packages/45/ae/50fb33bdf1911c216d50f98d989dd032a506f054cf829ebd737c6fa7e3e6/botocore-1.42.59.tar.gz", hash = "sha256:5314f19e1da8fc0ebc41bdb8bbe17c9a7397d87f4d887076ac8bdef972a34138", size = 14950271, upload-time = "2026-02-27T20:25:20.614Z" }
wheels = [
    { url = "https://files.pythonhosted.org/packages/59/df/9d52819e0d804ead073d53ab1823bc0f0cb172a250fba31107b0b43fbb04/botocore-1.42.59-py3-none-any.whl", hash = "sha256:d2f2ff7ecc31e86ef46b5daee112cfbca052c13801285fb23af909f7bff5b657", size = 14619293, upload-time = "2026-02-27T20:25:17.455Z" },
]

[[package]]
name = "botocore-stubs"
version = "1.42.41"
source = { registry = "https://pypi.org/simple" }
dependencies = [
    { name = "types-awscrt" },
]
sdist = { url = "https://files.pythonhosted.org/packages/0c/a8/a26608ff39e3a5866c6c79eda10133490205cbddd45074190becece3ff2a/botocore_stubs-1.42.41.tar.gz", hash = "sha256:dbeac2f744df6b814ce83ec3f3777b299a015cbea57a2efc41c33b8c38265825", size = 42411, upload-time = "2026-02-03T20:46:14.479Z" }
wheels = [
    { url = "https://files.pythonhosted.org/packages/32/76/cab7af7f16c0b09347f2ebe7ffda7101132f786acb767666dce43055faab/botocore_stubs-1.42.41-py3-none-any.whl", hash = "sha256:9423110fb0e391834bd2ed44ae5f879d8cb370a444703d966d30842ce2bcb5f0", size = 66759, upload-time = "2026-02-03T20:46:13.02Z" },
]

[[package]]
name = "certifi"
version = "2026.2.25"
source = { registry = "https://pypi.org/simple" }
sdist = { url = "https://files.pythonhosted.org/packages/af/2d/7bf41579a8986e348fa033a31cdd0e4121114f6bce2457e8876010b092dd/certifi-2026.2.25.tar.gz", hash = "sha256:e887ab5cee78ea814d3472169153c2d12cd43b14bd03329a39a9c6e2e80bfba7", size = 155029, upload-time = "2026-02-25T02:54:17.342Z" }
wheels = [
    { url = "https://files.pythonhosted.org/packages/9a/3c/c17fb3ca2d9c3acff52e30b309f538586f9f5b9c9cf454f3845fc9af4881/certifi-2026.2.25-py3-none-any.whl", hash = "sha256:027692e4402ad994f1c42e52a4997a9763c646b73e4096e4d5d6db8af1d6f0fa", size = 153684, upload-time = "2026-02-25T02:54:15.766Z" },
]

[[package]]
name = "click"
version = "8.3.1"
source = { registry = "https://pypi.org/simple" }
dependencies = [
    { name = "colorama", marker = "sys_platform == 'win32'" },
]
sdist = { url = "https://files.pythonhosted.org/packages/3d/fa/656b739db8587d7b5dfa22e22ed02566950fbfbcdc20311993483657a5c0/click-8.3.1.tar.gz", hash = "sha256:12ff4785d337a1bb490bb7e9c2b1ee5da3112e94a8622f26a6c77f5d2fc6842a", size = 295065, upload-time = "2025-11-15T20:45:42.706Z" }
wheels = [
    { url = "https://files.pythonhosted.org/packages/98/78/01c019cdb5d6498122777c1a43056ebb3ebfeef2076d9d026bfe15583b2b/click-8.3.1-py3-none-any.whl", hash = "sha256:981153a64e25f12d547d3426c367a4857371575ee7ad18df2a6183ab0545b2a6", size = 108274, upload-time = "2025-11-15T20:45:41.139Z" },
]

[[package]]
name = "colorama"
version = "0.4.6"
source = { registry = "https://pypi.org/simple" }
sdist = { url = "https://files.pythonhosted.org/packages/d8/53/6f443c9a4a8358a93a6792e2acffb9d9d5cb0a5cfd8802644b7b1c9a02e4/colorama-0.4.6.tar.gz", hash = "sha256:08695f5cb7ed6e0531a20572697297273c47b8cae5a63ffc6d6ed5c201be6e44", size = 27697, upload-time = "2022-10-25T02:36:22.414Z" }
wheels = [
    { url = "https://files.pythonhosted.org/packages/d1/d6/3965ed04c63042e047cb6a3e6ed1a63a35087b6a609aa3a15ed8ac56c221/colorama-0.4.6-py2.py3-none-any.whl", hash = "sha256:4f1d9991f5acc0ca119f9d443620b77f9d6b33703e51011c16baf57afb285fc6", size = 25335, upload-time = "2022-10-25T02:36:20.889Z" },
]

[[package]]
name = "cosplay-photography-toolkit"
version = "0.1.0"
source = { editable = "." }

[package.dev-dependencies]
cli = [
    { name = "boto3" },
    { name = "click" },
    { name = "httpx" },
    { name = "pillow" },
]
dev = [
    { name = "boto3-stubs" },
    { name = "djangorestframework-stubs" },
]
web = [
    { name = "boto3" },
    { name = "django" },
    { name = "django-environ" },
    { name = "djangorestframework" },
    { name = "nh3" },
    { name = "psycopg2-binary" },
]

[package.metadata]

[package.metadata.requires-dev]
cli = [
    { name = "boto3", specifier = ">=1.35" },
    { name = "click", specifier = ">=8.1" },
    { name = "httpx", specifier = ">=0.28" },
    { name = "pillow", specifier = ">=12.1.1" },
]
dev = [
    { name = "boto3-stubs", specifier = "~=1.42.59" },
    { name = "djangorestframework-stubs", specifier = ">=3.16.8" },
]
web = [
    { name = "boto3", specifier = ">=1.35" },
    { name = "django", specifier = ">=6.0.2" },
    { name = "django-environ", specifier = ">=0.13.0" },
    { name = "djangorestframework", specifier = ">=3.15" },
    { name = "nh3", specifier = ">=0.3.3" },
    { name = "psycopg2-binary", specifier = ">=2.9.11" },
]

[[package]]
name = "django"
version = "6.0.2"
source = { registry = "https://pypi.org/simple" }
dependencies = [
    { name = "asgiref" },
    { name = "sqlparse" },
    { name = "tzdata", marker = "sys_platform == 'win32'" },
]
sdist = { url = "https://files.pythonhosted.org/packages/26/3e/a1c4207c5dea4697b7a3387e26584919ba987d8f9320f59dc0b5c557a4eb/django-6.0.2.tar.gz", hash = "sha256:3046a53b0e40d4b676c3b774c73411d7184ae2745fe8ce5e45c0f33d3ddb71a7", size = 10886874, upload-time = "2026-02-03T13:50:31.596Z" }
wheels = [
    { url = "https://files.pythonhosted.org/packages/96/ba/a6e2992bc5b8c688249c00ea48cb1b7a9bc09839328c81dc603671460928/django-6.0.2-py3-none-any.whl", hash = "sha256:610dd3b13d15ec3f1e1d257caedd751db8033c5ad8ea0e2d1219a8acf446ecc6", size = 8339381, upload-time = "2026-02-03T13:50:15.501Z" },
]

[[package]]
name = "django-environ"
version = "0.13.0"
source = { registry = "https://pypi.org/simple" }
sdist = { url = "https://files.pythonhosted.org/packages/18/3c/60983e6ec9b24a8d8588eecebfd21123cba980bce0a905807a27692f0860/django_environ-0.13.0.tar.gz", hash = "sha256:6c401e4c219442c2c4588c2116d5292b5484a6f69163ed09cd41f3943bfb645f", size = 63529, upload-time = "2026-02-18T01:08:08.791Z" }
wheels = [
    { url = "https://files.pythonhosted.org/packages/c4/00/3767393ece946084e1c6830a33ffb8e39d68642e27ad5ac7d4c8bd5de866/django_environ-0.13.0-py3-none-any.whl", hash = "sha256:37799d14cd78222c6fd8298e48bfe17965ff8e586091ad66a463e52e0e7b799e", size = 20682, upload-time = "2026-02-18T01:08:07.359Z" },
]

[[package]]
name = "django-stubs"
version = "5.2.9"
source = { registry = "https://pypi.org/simple" }
dependencies = [
    { name = "django" },
    { name = "django-stubs-ext" },
    { name = "types-pyyaml" },
    { name = "typing-extensions" },
]
sdist = { url = "https://files.pythonhosted.org/packages/9c/01/86c921e0e19c9fa7e705bf795998dbf55eb183e7be0342a3027dc1bcbc9f/django_stubs-5.2.9.tar.gz", hash = "sha256:c192257120b08785cfe6f2f1c91f1797aceae8e9daa689c336e52c91e8f6a493", size = 257970, upload-time = "2026-01-20T23:59:27.018Z" }
wheels = [
    { url = "https://files.pythonhosted.org/packages/0d/05/4c9c419b7051eb4b350100b086be6df487f968ab672d3d370f8ccf7c3746/django_stubs-5.2.9-py3-none-any.whl", hash = "sha256:2317a7130afdaa76f6ff7f623650d7f3bf1b6c86a60f95840e14e6ec6de1a7cd", size = 508656, upload-time = "2026-01-20T23:59:25.12Z" },
]

[[package]]
name = "django-stubs-ext"
version = "5.2.9"
source = { registry = "https://pypi.org/simple" }
dependencies = [
    { name = "django" },
    { name = "typing-extensions" },
]
sdist = { url = "https://files.pythonhosted.org/packages/55/03/9c2be939490d2282328db4611bc5956899f5ff7eabc3e88bd4b964a87373/django_stubs_ext-5.2.9.tar.gz", hash = "sha256:6db4054d1580657b979b7d391474719f1a978773e66c7070a5e246cd445a25a9", size = 6497, upload-time = "2026-01-20T23:58:59.462Z" }
wheels = [
    { url = "https://files.pythonhosted.org/packages/9b/f7/0d5f7d7e76fe972d9f560f687fdc0cab4db9e1624fd90728ca29b4ed7a63/django_stubs_ext-5.2.9-py3-none-any.whl", hash = "sha256:230c51575551b0165be40177f0f6805f1e3ebf799b835c85f5d64c371ca6cf71", size = 9974, upload-time = "2026-01-20T23:58:58.438Z" },
]

[[package]]
name = "djangorestframework"
version = "3.16.1"
source = { registry = "https://pypi.org/simple" }
dependencies = [
    { name = "django" },
]
sdist = { url = "https://files.pythonhosted.org/packages/8a/95/5376fe618646fde6899b3cdc85fd959716bb67542e273a76a80d9f326f27/djangorestframework-3.16.1.tar.gz", hash = "sha256:166809528b1aced0a17dc66c24492af18049f2c9420dbd0be29422029cfc3ff7", size = 1089735, upload-time = "2025-08-06T17:50:53.251Z" }
wheels = [
    { url = "https://files.pythonhosted.org/packages/b0/ce/bf8b9d3f415be4ac5588545b5fcdbbb841977db1c1d923f7568eeabe1689/djangorestframework-3.16.1-py3-none-any.whl", hash = "sha256:33a59f47fb9c85ede792cbf88bde71893bcda0667bc573f784649521f1102cec", size = 1080442, upload-time = "2025-08-06T17:50:50.667Z" },
]

[[package]]
name = "djangorestframework-stubs"
version = "3.16.8"
source = { registry = "https://pypi.org/simple" }
dependencies = [
    { name = "django-stubs" },
    { name = "types-pyyaml" },
    { name = "typing-extensions" },
]
sdist = { url = "https://files.pythonhosted.org/packages/78/d5/87166a827833eb39703856ef957ca0fb4e9d15285331251186a2e738c20c/djangorestframework_stubs-3.16.8.tar.gz", hash = "sha256:f6d464b54fa2f929610e957446c04e6ac29558265418e0a2d9f653a4cdd410b5", size = 32312, upload-time = "2026-02-03T22:35:53.182Z" }
wheels = [
    { url = "https://files.pythonhosted.org/packages/ea/e9/d9c363b08d07d975c21793fe821b2020dfd3627ac4ce19c5c12df94ce9d0/djangorestframework_stubs-3.16.8-py3-none-any.whl", hash = "sha256:c5bf61def0f330a071dd5f470f05710189d06c467b3f3e186b32c5a23d4952fb", size = 56517, upload-time = "2026-02-03T22:35:50.67Z" },
]

[[package]]
name = "h11"
version = "0.16.0"
source = { registry = "https://pypi.org/simple" }
sdist = { url = "https://files.pythonhosted.org/packages/01/ee/02a2c011bdab74c6fb3c75474d40b3052059d95df7e73351460c8588d963/h11-0.16.0.tar.gz", hash = "sha256:4e35b956cf45792e4caa5885e69fba00bdbc6ffafbfa020300e549b208ee5ff1", size = 101250, upload-time = "2025-04-24T03:35:25.427Z" }
wheels = [
    { url = "https://files.pythonhosted.org/packages/04/4b/29cac41a4d98d144bf5f6d33995617b185d14b22401f75ca86f384e87ff1/h11-0.16.0-py3-none-any.whl", hash = "sha256:63cf8bbe7522de3bf65932fda1d9c2772064ffb3dae62d55932da54b31cb6c86", size = 37515, upload-time = "2025-04-24T03:35:24.344Z" },
]

[[package]]
name = "httpcore"
version = "1.0.9"
source = { registry = "https://pypi.org/simple" }
dependencies = [
    { name = "certifi" },
    { name = "h11" },
]
sdist = { url = "https://files.pythonhosted.org/packages/06/94/82699a10bca87a5556c9c59b5963f2d039dbd239f25bc2a63907a05a14cb/httpcore-1.0.9.tar.gz", hash = "sha256:6e34463af53fd2ab5d807f399a9b45ea31c3dfa2276f15a2c3f00afff6e176e8", size = 85484, upload-time = "2025-04-24T22:06:22.219Z" }
wheels = [
    { url = "https://files.pythonhosted.org/packages/7e/f5/f66802a942d491edb555dd61e3a9961140fd64c90bce1eafd741609d334d/httpcore-1.0.9-py3-none-any.whl", hash = "sha256:2d400746a40668fc9dec9810239072b40b4484b640a8c38fd654a024c7a1bf55", size = 78784, upload-time = "2025-04-24T22:06:20.566Z" },
]

[[package]]
name = "httpx"
version = "0.28.1"
source = { registry = "https://pypi.org/simple" }
dependencies = [
    { name = "anyio" },
    { name = "certifi" },
    { name = "httpcore" },
    { name = "idna" },
]
sdist = { url = "https://files.pythonhosted.org/packages/b1/df/48c586a5fe32a0f01324ee087459e112ebb7224f646c0b5023f5e79e9956/httpx-0.28.1.tar.gz", hash = "sha256:75e98c5f16b0f35b567856f597f06ff2270a374470a5c2392242528e3e3e42fc", size = 141406, upload-time = "2024-12-06T15:37:23.222Z" }
wheels = [
    { url = "https://files.pythonhosted.org/packages/2a/39/e50c7c3a983047577ee07d2a9e53faf5a69493943ec3f6a384bdc792deb2/httpx-0.28.1-py3-none-any.whl", hash = "sha256:d909fcccc110f8c7faf814ca82a9a4d816bc5a6dbfea25d6591d6985b8ba59ad", size = 73517, upload-time = "2024-12-06T15:37:21.509Z" },
]

[[package]]
name = "idna"
version = "3.11"
source = { registry = "https://pypi.org/simple" }
sdist = { url = "https://files.pythonhosted.org/packages/6f/6d/0703ccc57f3a7233505399edb88de3cbd678da106337b9fcde432b65ed60/idna-3.11.tar.gz", hash = "sha256:795dafcc9c04ed0c1fb032c2aa73654d8e8c5023a7df64a53f39190ada629902", size = 194582, upload-time = "2025-10-12T14:55:20.501Z" }
wheels = [
    { url = "https://files.pythonhosted.org/packages/0e/61/66938bbb5fc52dbdf84594873d5b51fb1f7c7794e9c0f5bd885f30bc507b/idna-3.11-py3-none-any.whl", hash = "sha256:771a87f49d9defaf64091e6e6fe9c18d4833f140bd19464795bc32d966ca37ea", size = 71008, upload-time = "2025-10-12T14:55:18.883Z" },
]

[[package]]
name = "jmespath"
version = "1.1.0"
source = { registry = "https://pypi.org/simple" }
sdist = { url = "https://files.pythonhosted.org/packages/d3/59/322338183ecda247fb5d1763a6cbe46eff7222eaeebafd9fa65d4bf5cb11/jmespath-1.1.0.tar.gz", hash = "sha256:472c87d80f36026ae83c6ddd0f1d05d4e510134ed462851fd5f754c8c3cbb88d", size = 27377, upload-time = "2026-01-22T16:35:26.279Z" }
wheels = [
    { url = "https://files.pythonhosted.org/packages/14/2f/967ba146e6d58cf6a652da73885f52fc68001525b4197effc174321d70b4/jmespath-1.1.0-py3-none-any.whl", hash = "sha256:a5663118de4908c91729bea0acadca56526eb2698e83de10cd116ae0f4e97c64", size = 20419, upload-time = "2026-01-22T16:35:24.919Z" },
]

[[package]]
name = "nh3"
version = "0.3.3"
source = { registry = "https://pypi.org/simple" }
sdist = { url = "https://files.pythonhosted.org/packages/cc/37/ab55eb2b05e334ff9a1ad52c556ace1f9c20a3f63613a165d384d5387657/nh3-0.3.3.tar.gz", hash = "sha256:185ed41b88c910b9ca8edc89ca3b4be688a12cb9de129d84befa2f74a0039fee", size = 18968, upload-time = "2026-02-14T09:35:15.664Z" }
wheels = [
    { url = "https://files.pythonhosted.org/packages/e7/a4/834f0ebd80844ce67e1bdb011d6f844f61cdb4c1d7cdc56a982bc054cc00/nh3-0.3.3-cp314-cp314t-macosx_10_12_x86_64.macosx_11_0_arm64.macosx_10_12_universal2.whl", hash = "sha256:21b058cd20d9f0919421a820a2843fdb5e1749c0bf57a6247ab8f4ba6723c9fc", size = 1428680, upload-time = "2026-02-14T09:34:33.015Z" },
    { url = "https://files.pythonhosted.org/packages/7f/1a/a7d72e750f74c6b71befbeebc4489579fe783466889d41f32e34acde0b6b/nh3-0.3.3-cp314-cp314t-manylinux_2_17_x86_64.manylinux2014_x86_64.whl", hash = "sha256:f4400a73c2a62859e769f9d36d1b5a7a5c65c4179d1dddd2f6f3095b2db0cbfc", size = 799003, upload-time = "2026-02-14T09:34:35.108Z" },
    { url = "https://files.pythonhosted.org/packages/58/d5/089eb6d65da139dc2223b83b2627e00872eccb5e1afdf5b1d76eb6ad3fcc/nh3-0.3.3-cp314-cp314t-manylinux_2_5_i686.manylinux1_i686.whl", hash = "sha256:1ef87f8e916321a88b45f2d597f29bd56e560ed4568a50f0f1305afab86b7189", size = 846818, upload-time = "2026-02-14T09:34:37Z" },
    { url = "https://files.pythonhosted.org/packages/9b/c6/44a0b65fc7b213a3a725f041ef986534b100e58cd1a2e00f0fd3c9603893/nh3-0.3.3-cp314-cp314t-musllinux_1_2_aarch64.whl", hash = "sha256:a446eae598987f49ee97ac2f18eafcce4e62e7574bd1eb23782e4702e54e217d", size = 1012537, upload-time = "2026-02-14T09:34:38.515Z" },
    { url = "https://files.pythonhosted.org/packages/94/3a/91bcfcc0a61b286b8b25d39e288b9c0ba91c3290d402867d1cd705169844/nh3-0.3.3-cp314-cp314t-musllinux_1_2_armv7l.whl", hash = "sha256:0d5eb734a78ac364af1797fef718340a373f626a9ff6b4fb0b4badf7927e7b81", size = 1095435, upload-time = "2026-02-14T09:34:40.022Z" },
    { url = "https://files.pythonhosted.org/packages/fd/fd/4617a19d80cf9f958e65724ff5e97bc2f76f2f4c5194c740016606c87bd1/nh3-0.3.3-cp314-cp314t-musllinux_1_2_i686.whl", hash = "sha256:92a958e6f6d0100e025a5686aafd67e3c98eac67495728f8bb64fbeb3e474493", size = 1056344, upload-time = "2026-02-14T09:34:41.469Z" },
    { url = "https://files.pythonhosted.org/packages/bd/7d/5bcbbc56e71b7dda7ef1d6008098da9c5426d6334137ef32bb2b9c496984/nh3-0.3.3-cp314-cp314t-musllinux_1_2_x86_64.whl", hash = "sha256:9ed40cf8449a59a03aa465114fedce1ff7ac52561688811d047917cc878b19ca", size = 1034533, upload-time = "2026-02-14T09:34:43.313Z" },
    { url = "https://files.pythonhosted.org/packages/3f/9c/054eff8a59a8b23b37f0f4ac84cdd688ee84cf5251664c0e14e5d30a8a67/nh3-0.3.3-cp314-cp314t-win32.whl", hash = "sha256:b50c3770299fb2a7c1113751501e8878d525d15160a4c05194d7fe62b758aad8", size = 608305, upload-time = "2026-02-14T09:34:44.622Z" },
    { url = "https://files.pythonhosted.org/packages/d7/b0/64667b8d522c7b859717a02b1a66ba03b529ca1df623964e598af8db1ed5/nh3-0.3.3-cp314-cp314t-win_amd64.whl", hash = "sha256:21a63ccb18ddad3f784bb775955839b8b80e347e597726f01e43ca1abcc5c808", size = 620633, upload-time = "2026-02-14T09:34:46.069Z" },
    { url = "https://files.pythonhosted.org/packages/91/b5/ae9909e4ddfd86ee076c4d6d62ba69e9b31061da9d2f722936c52df8d556/nh3-0.3.3-cp314-cp314t-win_arm64.whl", hash = "sha256:f508ddd4e2433fdcb78c790fc2d24e3a349ba775e5fa904af89891321d4844a3", size = 607027, upload-time = "2026-02-14T09:34:47.91Z" },
    { url = "https://files.pythonhosted.org/packages/13/3e/aef8cf8e0419b530c95e96ae93a5078e9b36c1e6613eeb1df03a80d5194e/nh3-0.3.3-cp38-abi3-macosx_10_12_x86_64.macosx_11_0_arm64.macosx_10_12_universal2.whl", hash = "sha256:e8ee96156f7dfc6e30ecda650e480c5ae0a7d38f0c6fafc3c1c655e2500421d9", size = 1448640, upload-time = "2026-02-14T09:34:49.316Z" },
    { url = "https://files.pythonhosted.org/packages/ca/43/d2011a4f6c0272cb122eeff40062ee06bb2b6e57eabc3a5e057df0d582df/nh3-0.3.3-cp38-abi3-manylinux_2_17_aarch64.manylinux2014_aarch64.whl", hash = "sha256:45fe0d6a607264910daec30360c8a3b5b1500fd832d21b2da608256287bcb92d", size = 839405, upload-time = "2026-02-14T09:34:50.779Z" },
    { url = "https://files.pythonhosted.org/packages/f8/f3/965048510c1caf2a34ed04411a46a04a06eb05563cd06f1aa57b71eb2bc8/nh3-0.3.3-cp38-abi3-manylinux_2_17_armv7l.manylinux2014_armv7l.whl", hash = "sha256:5bc1d4b30ba1ba896669d944b6003630592665974bd11a3dc2f661bde92798a7", size = 825849, upload-time = "2026-02-14T09:34:52.622Z" },
    { url = "https://files.pythonhosted.org/packages/78/99/b4bbc6ad16329d8db2c2c320423f00b549ca3b129c2b2f9136be2606dbb0/nh3-0.3.3-cp38-abi3-manylinux_2_17_ppc64.manylinux2014_ppc64.whl", hash = "sha256:f433a2dd66545aad4a720ad1b2150edcdca75bfff6f4e6f378ade1ec138d5e77", size = 1068303, upload-time = "2026-02-14T09:34:54.179Z" },
    { url = "https://files.pythonhosted.org/packages/3f/34/3420d97065aab1b35f3e93ce9c96c8ebd423ce86fe84dee3126790421a2a/nh3-0.3.3-cp38-abi3-manylinux_2_17_ppc64le.manylinux2014_ppc64le.whl", hash = "sha256:52e973cb742e95b9ae1b35822ce23992428750f4b46b619fe86eba4205255b30", size = 1029316, upload-time = "2026-02-14T09:34:56.186Z" },
    { url = "https://files.pythonhosted.org/packages/f1/9a/99eda757b14e596fdb2ca5f599a849d9554181aa899274d0d183faef4493/nh3-0.3.3-cp38-abi3-manylinux_2_17_s390x.manylinux2014_s390x.whl", hash = "sha256:4c730617bdc15d7092dcc0469dc2826b914c8f874996d105b4bc3842a41c1cd9", size = 919944, upload-time = "2026-02-14T09:34:57.886Z" },
    { url = "https://files.pythonhosted.org/packages/6f/84/c0dc75c7fb596135f999e59a410d9f45bdabb989f1cb911f0016d22b747b/nh3-0.3.3-cp38-abi3-manylinux_2_17_x86_64.manylinux2014_x86_64.whl", hash = "sha256:e98fa3dbfd54e25487e36ba500bc29bca3a4cab4ffba18cfb1a35a2d02624297", size = 811461, upload-time = "2026-02-14T09:34:59.65Z" },
    { url = "https://files.pythonhosted.org/packages/7e/ec/b1bf57cab6230eec910e4863528dc51dcf21b57aaf7c88ee9190d62c9185/nh3-0.3.3-cp38-abi3-manylinux_2_31_riscv64.whl", hash = "sha256:3a62b8ae7c235481715055222e54c682422d0495a5c73326807d4e44c5d14691", size = 840360, upload-time = "2026-02-14T09:35:01.444Z" },
    { url = "https://files.pythonhosted.org/packages/37/5e/326ae34e904dde09af1de51219a611ae914111f0970f2f111f4f0188f57e/nh3-0.3.3-cp38-abi3-manylinux_2_5_i686.manylinux1_i686.whl", hash = "sha256:fc305a2264868ec8fa16548296f803d8fd9c1fa66cd28b88b605b1bd06667c0b", size = 859872, upload-time = "2026-02-14T09:35:03.348Z" },
    { url = "https://files.pythonhosted.org/packages/09/38/7eba529ce17ab4d3790205da37deabb4cb6edcba15f27b8562e467f2fc97/nh3-0.3.3-cp38-abi3-musllinux_1_2_aarch64.whl", hash = "sha256:90126a834c18af03bfd6ff9a027bfa6bbf0e238527bc780a24de6bd7cc1041e2", size = 1023550, upload-time = "2026-02-14T09:35:04.829Z" },
    { url = "https://files.pythonhosted.org/packages/05/a2/556fdecd37c3681b1edee2cf795a6799c6ed0a5551b2822636960d7e7651/nh3-0.3.3-cp38-abi3-musllinux_1_2_armv7l.whl", hash = "sha256:24769a428e9e971e4ccfb24628f83aaa7dc3c8b41b130c8ddc1835fa1c924489", size = 1105212, upload-time = "2026-02-14T09:35:06.821Z" },
    { url = "https://files.pythonhosted.org/packages/dd/e3/5db0b0ad663234967d83702277094687baf7c498831a2d3ad3451c11770f/nh3-0.3.3-cp38-abi3-musllinux_1_2_i686.whl", hash = "sha256:b7a18ee057761e455d58b9d31445c3e4b2594cff4ddb84d2e331c011ef46f462", size = 1069970, upload-time = "2026-02-14T09:35:08.504Z" },
    { url = "https://files.pythonhosted.org/packages/79/b2/2ea21b79c6e869581ce5f51549b6e185c4762233591455bf2a326fb07f3b/nh3-0.3.3-cp38-abi3-musllinux_1_2_x86_64.whl", hash = "sha256:5a4b2c1f3e6f3cbe7048e17f4fefad3f8d3e14cc0fd08fb8599e0d5653f6b181", size = 1047588, upload-time = "2026-02-14T09:35:09.911Z" },
    { url = "https://files.pythonhosted.org/packages/e2/92/2e434619e658c806d9c096eed2cdff9a883084299b7b19a3f0824eb8e63d/nh3-0.3.3-cp38-abi3-win32.whl", hash = "sha256:e974850b131fdffa75e7ad8e0d9c7a855b96227b093417fdf1bd61656e530f37", size = 616179, upload-time = "2026-02-14T09:35:11.366Z" },
    { url = "https://files.pythonhosted.org/packages/73/88/1ce287ef8649dc51365b5094bd3713b76454838140a32ab4f8349973883c/nh3-0.3.3-cp38-abi3-win_amd64.whl", hash = "sha256:2efd17c0355d04d39e6d79122b42662277ac10a17ea48831d90b46e5ef7e4fc0", size = 631159, upload-time = "2026-02-14T09:35:12.77Z" },
    { url = "https://files.pythonhosted.org/packages/31/f1/b4835dbde4fb06f29db89db027576d6014081cd278d9b6751facc3e69e43/nh3-0.3.3-cp38-abi3-win_arm64.whl", hash = "sha256:b838e619f483531483d26d889438e53a880510e832d2aafe73f93b7b1ac2bce2", size = 616645, upload-time = "2026-02-14T09:35:14.062Z" },
]

[[package]]
name = "pillow"
version = "12.1.1"
source = { registry = "https://pypi.org/simple" }
sdist = { url = "https://files.pythonhosted.org/packages/1f/42/5c74462b4fd957fcd7b13b04fb3205ff8349236ea74c7c375766d6c82288/pillow-12.1.1.tar.gz", hash = "sha256:9ad8fa5937ab05218e2b6a4cff30295ad35afd2f83ac592e68c0d871bb0fdbc4", size = 46980264, upload-time = "2026-02-11T04:23:07.146Z" }
wheels = [
    { url = "https://files.pythonhosted.org/packages/03/d0/bebb3ffbf31c5a8e97241476c4cf8b9828954693ce6744b4a2326af3e16b/pillow-12.1.1-cp314-cp314-ios_13_0_arm64_iphoneos.whl", hash = "sha256:417423db963cb4be8bac3fc1204fe61610f6abeed1580a7a2cbb2fbda20f12af", size = 4062652, upload-time = "2026-02-11T04:21:53.19Z" },
    { url = "https://files.pythonhosted.org/packages/2d/c0/0e16fb0addda4851445c28f8350d8c512f09de27bbb0d6d0bbf8b6709605/pillow-12.1.1-cp314-cp314-ios_13_0_arm64_iphonesimulator.whl", hash = "sha256:b957b71c6b2387610f556a7eb0828afbe40b4a98036fc0d2acfa5a44a0c2036f", size = 4138823, upload-time = "2026-02-11T04:22:03.088Z" },
    { url = "https://files.pythonhosted.org/packages/6b/fb/6170ec655d6f6bb6630a013dd7cf7bc218423d7b5fa9071bf63dc32175ae/pillow-12.1.1-cp314-cp314-ios_13_0_x86_64_iphonesimulator.whl", hash = "sha256:097690ba1f2efdeb165a20469d59d8bb03c55fb6621eb2041a060ae8ea3e9642", size = 3601143, upload-time = "2026-02-11T04:22:04.909Z" },
    { url = "https://files.pythonhosted.org/packages/59/04/dc5c3f297510ba9a6837cbb318b87dd2b8f73eb41a43cc63767f65cb599c/pillow-12.1.1-cp314-cp314-macosx_10_15_x86_64.whl", hash = "sha256:2815a87ab27848db0321fb78c7f0b2c8649dee134b7f2b80c6a45c6831d75ccd", size = 5266254, upload-time = "2026-02-11T04:22:07.656Z" },
    { url = "https://files.pythonhosted.org/packages/05/30/5db1236b0d6313f03ebf97f5e17cda9ca060f524b2fcc875149a8360b21c/pillow-12.1.1-cp314-cp314-macosx_11_0_arm64.whl", hash = "sha256:f7ed2c6543bad5a7d5530eb9e78c53132f93dfa44a28492db88b41cdab885202", size = 4657499, upload-time = "2026-02-11T04:22:09.613Z" },
    { url = "https://files.pythonhosted.org/packages/6f/18/008d2ca0eb612e81968e8be0bbae5051efba24d52debf930126d7eaacbba/pillow-12.1.1-cp314-cp314-manylinux2014_aarch64.manylinux_2_17_aarch64.whl", hash = "sha256:652a2c9ccfb556235b2b501a3a7cf3742148cd22e04b5625c5fe057ea3e3191f", size = 6232137, upload-time = "2026-02-11T04:22:11.434Z" },
    { url = "https://files.pythonhosted.org/packages/70/f1/f14d5b8eeb4b2cd62b9f9f847eb6605f103df89ef619ac68f92f748614ea/pillow-12.1.1-cp314-cp314-manylinux2014_x86_64.manylinux_2_17_x86_64.whl", hash = "sha256:d6e4571eedf43af33d0fc233a382a76e849badbccdf1ac438841308652a08e1f", size = 8042721, upload-time = "2026-02-11T04:22:13.321Z" },
    { url = "https://files.pythonhosted.org/packages/5a/d6/17824509146e4babbdabf04d8171491fa9d776f7061ff6e727522df9bd03/pillow-12.1.1-cp314-cp314-manylinux_2_27_aarch64.manylinux_2_28_aarch64.whl", hash = "sha256:b574c51cf7d5d62e9be37ba446224b59a2da26dc4c1bb2ecbe936a4fb1a7cb7f", size = 6347798, upload-time = "2026-02-11T04:22:15.449Z" },
    { url = "https://files.pythonhosted.org/packages/d1/ee/c85a38a9ab92037a75615aba572c85ea51e605265036e00c5b67dfafbfe2/pillow-12.1.1-cp314-cp314-manylinux_2_27_x86_64.manylinux_2_28_x86_64.whl", hash = "sha256:a37691702ed687799de29a518d63d4682d9016932db66d4e90c345831b02fb4e", size = 7039315, upload-time = "2026-02-11T04:22:17.24Z" },
    { url = "https://files.pythonhosted.org/packages/ec/f3/bc8ccc6e08a148290d7523bde4d9a0d6c981db34631390dc6e6ec34cacf6/pillow-12.1.1-cp314-cp314-musllinux_1_2_aarch64.whl", hash = "sha256:f95c00d5d6700b2b890479664a06e754974848afaae5e21beb4d83c106923fd0", size = 6462360, upload-time = "2026-02-11T04:22:19.111Z" },
    { url = "https://files.pythonhosted.org/packages/f6/ab/69a42656adb1d0665ab051eec58a41f169ad295cf81ad45406963105408f/pillow-12.1.1-cp314-cp314-musllinux_1_2_x86_64.whl", hash = "sha256:559b38da23606e68681337ad74622c4dbba02254fc9cb4488a305dd5975c7eeb", size = 7165438, upload-time = "2026-02-11T04:22:21.041Z" },
    { url = "https://files.pythonhosted.org/packages/02/46/81f7aa8941873f0f01d4b55cc543b0a3d03ec2ee30d617a0448bf6bd6dec/pillow-12.1.1-cp314-cp314-win32.whl", hash = "sha256:03edcc34d688572014ff223c125a3f77fb08091e4607e7745002fc214070b35f", size = 6431503, upload-time = "2026-02-11T04:22:22.833Z" },
    { url = "https://files.pythonhosted.org/packages/40/72/4c245f7d1044b67affc7f134a09ea619d4895333d35322b775b928180044/pillow-12.1.1-cp314-cp314-win_amd64.whl", hash = "sha256:50480dcd74fa63b8e78235957d302d98d98d82ccbfac4c7e12108ba9ecbdba15", size = 7176748, upload-time = "2026-02-11T04:22:24.64Z" },
    { url = "https://files.pythonhosted.org/packages/e4/ad/8a87bdbe038c5c698736e3348af5c2194ffb872ea52f11894c95f9305435/pillow-12.1.1-cp314-cp314-win_arm64.whl", hash = "sha256:5cb1785d97b0c3d1d1a16bc1d710c4a0049daefc4935f3a8f31f827f4d3d2e7f", size = 2544314, upload-time = "2026-02-11T04:22:26.685Z" },
    { url = "https://files.pythonhosted.org/packages/6c/9d/efd18493f9de13b87ede7c47e69184b9e859e4427225ea962e32e56a49bc/pillow-12.1.1-cp314-cp314t-macosx_10_15_x86_64.whl", hash = "sha256:1f90cff8aa76835cba5769f0b3121a22bd4eb9e6884cfe338216e557a9a548b8", size = 5268612, upload-time = "2026-02-11T04:22:29.884Z" },
    { url = "https://files.pythonhosted.org/packages/f8/f1/4f42eb2b388eb2ffc660dcb7f7b556c1015c53ebd5f7f754965ef997585b/pillow-12.1.1-cp314-cp314t-macosx_11_0_arm64.whl", hash = "sha256:1f1be78ce9466a7ee64bfda57bdba0f7cc499d9794d518b854816c41bf0aa4e9", size = 4660567, upload-time = "2026-02-11T04:22:31.799Z" },
    { url = "https://files.pythonhosted.org/packages/01/54/df6ef130fa43e4b82e32624a7b821a2be1c5653a5fdad8469687a7db4e00/pillow-12.1.1-cp314-cp314t-manylinux2014_aarch64.manylinux_2_17_aarch64.whl", hash = "sha256:42fc1f4677106188ad9a55562bbade416f8b55456f522430fadab3cef7cd4e60", size = 6269951, upload-time = "2026-02-11T04:22:33.921Z" },
    { url = "https://files.pythonhosted.org/packages/a9/48/618752d06cc44bb4aae8ce0cd4e6426871929ed7b46215638088270d9b34/pillow-12.1.1-cp314-cp314t-manylinux2014_x86_64.manylinux_2_17_x86_64.whl", hash = "sha256:98edb152429ab62a1818039744d8fbb3ccab98a7c29fc3d5fcef158f3f1f68b7", size = 8074769, upload-time = "2026-02-11T04:22:35.877Z" },
    { url = "https://files.pythonhosted.org/packages/c3/bd/f1d71eb39a72fa088d938655afba3e00b38018d052752f435838961127d8/pillow-12.1.1-cp314-cp314t-manylinux_2_27_aarch64.manylinux_2_28_aarch64.whl", hash = "sha256:d470ab1178551dd17fdba0fef463359c41aaa613cdcd7ff8373f54be629f9f8f", size = 6381358, upload-time = "2026-02-11T04:22:37.698Z" },
    { url = "https://files.pythonhosted.org/packages/64/ef/c784e20b96674ed36a5af839305f55616f8b4f8aa8eeccf8531a6e312243/pillow-12.1.1-cp314-cp314t-manylinux_2_27_x86_64.manylinux_2_28_x86_64.whl", hash = "sha256:6408a7b064595afcab0a49393a413732a35788f2a5092fdc6266952ed67de586", size = 7068558, upload-time = "2026-02-11T04:22:39.597Z" },
    { url = "https://files.pythonhosted.org/packages/73/cb/8059688b74422ae61278202c4e1ad992e8a2e7375227be0a21c6b87ca8d5/pillow-12.1.1-cp314-cp314t-musllinux_1_2_aarch64.whl", hash = "sha256:5d8c41325b382c07799a3682c1c258469ea2ff97103c53717b7893862d0c98ce", size = 6493028, upload-time = "2026-02-11T04:22:42.73Z" },
    { url = "https://files.pythonhosted.org/packages/c6/da/e3c008ed7d2dd1f905b15949325934510b9d1931e5df999bb15972756818/pillow-12.1.1-cp314-cp314t-musllinux_1_2_x86_64.whl", hash = "sha256:c7697918b5be27424e9ce568193efd13d925c4481dd364e43f5dff72d33e10f8", size = 7191940, upload-time = "2026-02-11T04:22:44.543Z" },
    { url = "https://files.pythonhosted.org/packages/01/4a/9202e8d11714c1fc5951f2e1ef362f2d7fbc595e1f6717971d5dd750e969/pillow-12.1.1-cp314-cp314t-win32.whl", hash = "sha256:d2912fd8114fc5545aa3a4b5576512f64c55a03f3ebcca4c10194d593d43ea36", size = 6438736, upload-time = "2026-02-11T04:22:46.347Z" },
    { url = "https://files.pythonhosted.org/packages/f3/ca/cbce2327eb9885476b3957b2e82eb12c866a8b16ad77392864ad601022ce/pillow-12.1.1-cp314-cp314t-win_amd64.whl", hash = "sha256:4ceb838d4bd9dab43e06c363cab2eebf63846d6a4aeaea283bbdfd8f1a8ed58b", size = 7182894, upload-time = "2026-02-11T04:22:48.114Z" },
    { url = "https://files.pythonhosted.org/packages/ec/d2/de599c95ba0a973b94410477f8bf0b6f0b5e67360eb89bcb1ad365258beb/pillow-12.1.1-cp314-cp314t-win_arm64.whl", hash = "sha256:7b03048319bfc6170e93bd60728a1af51d3dd7704935feb228c4d4faab35d334", size = 2546446, upload-time = "2026-02-11T04:22:50.342Z" },
]

[[package]]
name = "psycopg2-binary"
version = "2.9.11"
source = { registry = "https://pypi.org/simple" }
sdist = { url = "https://files.pythonhosted.org/packages/ac/6c/8767aaa597ba424643dc87348c6f1754dd9f48e80fdc1b9f7ca5c3a7c213/psycopg2-binary-2.9.11.tar.gz", hash = "sha256:b6aed9e096bf63f9e75edf2581aa9a7e7186d97ab5c177aa6c87797cd591236c", size = 379620, upload-time = "2025-10-10T11:14:48.041Z" }
wheels = [
    { url = "https://files.pythonhosted.org/packages/64/12/93ef0098590cf51d9732b4f139533732565704f45bdc1ffa741b7c95fb54/psycopg2_binary-2.9.11-cp314-cp314-macosx_10_13_x86_64.whl", hash = "sha256:92e3b669236327083a2e33ccfa0d320dd01b9803b3e14dd986a4fc54aa00f4e1", size = 3756567, upload-time = "2025-10-10T11:13:11.885Z" },
    { url = "https://files.pythonhosted.org/packages/7c/a9/9d55c614a891288f15ca4b5209b09f0f01e3124056924e17b81b9fa054cc/psycopg2_binary-2.9.11-cp314-cp314-macosx_11_0_arm64.whl", hash = "sha256:e0deeb03da539fa3577fcb0b3f2554a97f7e5477c246098dbb18091a4a01c16f", size = 3864755, upload-time = "2025-10-10T11:13:17.727Z" },
    { url = "https://files.pythonhosted.org/packages/13/1e/98874ce72fd29cbde93209977b196a2edae03f8490d1bd8158e7f1daf3a0/psycopg2_binary-2.9.11-cp314-cp314-manylinux2014_aarch64.manylinux_2_17_aarch64.whl", hash = "sha256:9b52a3f9bb540a3e4ec0f6ba6d31339727b2950c9772850d6545b7eae0b9d7c5", size = 4411646, upload-time = "2025-10-10T11:13:24.432Z" },
    { url = "https://files.pythonhosted.org/packages/5a/bd/a335ce6645334fb8d758cc358810defca14a1d19ffbc8a10bd38a2328565/psycopg2_binary-2.9.11-cp314-cp314-manylinux2014_ppc64le.manylinux_2_17_ppc64le.whl", hash = "sha256:db4fd476874ccfdbb630a54426964959e58da4c61c9feba73e6094d51303d7d8", size = 4468701, upload-time = "2025-10-10T11:13:29.266Z" },
    { url = "https://files.pythonhosted.org/packages/44/d6/c8b4f53f34e295e45709b7568bf9b9407a612ea30387d35eb9fa84f269b4/psycopg2_binary-2.9.11-cp314-cp314-manylinux2014_x86_64.manylinux_2_17_x86_64.whl", hash = "sha256:47f212c1d3be608a12937cc131bd85502954398aaa1320cb4c14421a0ffccf4c", size = 4166293, upload-time = "2025-10-10T11:13:33.336Z" },
    { url = "https://files.pythonhosted.org/packages/4b/e0/f8cc36eadd1b716ab36bb290618a3292e009867e5c97ce4aba908cb99644/psycopg2_binary-2.9.11-cp314-cp314-manylinux_2_38_riscv64.manylinux_2_39_riscv64.whl", hash = "sha256:e35b7abae2b0adab776add56111df1735ccc71406e56203515e228a8dc07089f", size = 3983184, upload-time = "2025-10-30T02:55:32.483Z" },
    { url = "https://files.pythonhosted.org/packages/53/3e/2a8fe18a4e61cfb3417da67b6318e12691772c0696d79434184a511906dc/psycopg2_binary-2.9.11-cp314-cp314-musllinux_1_2_aarch64.whl", hash = "sha256:fcf21be3ce5f5659daefd2b3b3b6e4727b028221ddc94e6c1523425579664747", size = 3652650, upload-time = "2025-10-10T11:13:38.181Z" },
    { url = "https://files.pythonhosted.org/packages/76/36/03801461b31b29fe58d228c24388f999fe814dfc302856e0d17f97d7c54d/psycopg2_binary-2.9.11-cp314-cp314-musllinux_1_2_ppc64le.whl", hash = "sha256:9bd81e64e8de111237737b29d68039b9c813bdf520156af36d26819c9a979e5f", size = 3298663, upload-time = "2025-10-10T11:13:44.878Z" },
    { url = "https://files.pythonhosted.org/packages/97/77/21b0ea2e1a73aa5fa9222b2a6b8ba325c43c3a8d54272839c991f2345656/psycopg2_binary-2.9.11-cp314-cp314-musllinux_1_2_riscv64.whl", hash = "sha256:32770a4d666fbdafab017086655bcddab791d7cb260a16679cc5a7338b64343b", size = 3044737, upload-time = "2025-10-30T02:55:35.69Z" },
    { url = "https://files.pythonhosted.org/packages/67/69/f36abe5f118c1dca6d3726ceae164b9356985805480731ac6712a63f24f0/psycopg2_binary-2.9.11-cp314-cp314-musllinux_1_2_x86_64.whl", hash = "sha256:c3cb3a676873d7506825221045bd70e0427c905b9c8ee8d6acd70cfcbd6e576d", size = 3347643, upload-time = "2025-10-10T11:13:53.499Z" },
    { url = "https://files.pythonhosted.org/packages/e1/36/9c0c326fe3a4227953dfb29f5d0c8ae3b8eb8c1cd2967aa569f50cb3c61f/psycopg2_binary-2.9.11-cp314-cp314-win_amd64.whl", hash = "sha256:4012c9c954dfaccd28f94e84ab9f94e12df76b4afb22331b1f0d3154893a6316", size = 2803913, upload-time = "2025-10-10T11:13:57.058Z" },
]

[[package]]
name = "python-dateutil"
version = "2.9.0.post0"
source = { registry = "https://pypi.org/simple" }
dependencies = [
    { name = "six" },
]
sdist = { url = "https://files.pythonhosted.org/packages/66/c0/0c8b6ad9f17a802ee498c46e004a0eb49bc148f2fd230864601a86dcf6db/python-dateutil-2.9.0.post0.tar.gz", hash = "sha256:37dd54208da7e1cd875388217d5e00ebd4179249f90fb72437e91a35459a0ad3", size = 342432, upload-time = "2024-03-01T18:36:20.211Z" }
wheels = [
    { url = "https://files.pythonhosted.org/packages/ec/57/56b9bcc3c9c6a792fcbaf139543cee77261f3651ca9da0c93f5c1221264b/python_dateutil-2.9.0.post0-py2.py3-none-any.whl", hash = "sha256:a8b2bc7bffae282281c8140a97d3aa9c14da0b136dfe83f850eea9a5f7470427", size = 229892, upload-time = "2024-03-01T18:36:18.57Z" },
]

[[package]]
name = "s3transfer"
version = "0.16.0"
source = { registry = "https://pypi.org/simple" }
dependencies = [
    { name = "botocore" },
]
sdist = { url = "https://files.pythonhosted.org/packages/05/04/74127fc843314818edfa81b5540e26dd537353b123a4edc563109d8f17dd/s3transfer-0.16.0.tar.gz", hash = "sha256:8e990f13268025792229cd52fa10cb7163744bf56e719e0b9cb925ab79abf920", size = 153827, upload-time = "2025-12-01T02:30:59.114Z" }
wheels = [
    { url = "https://files.pythonhosted.org/packages/fc/51/727abb13f44c1fcf6d145979e1535a35794db0f6e450a0cb46aa24732fe2/s3transfer-0.16.0-py3-none-any.whl", hash = "sha256:18e25d66fed509e3868dc1572b3f427ff947dd2c56f844a5bf09481ad3f3b2fe", size = 86830, upload-time = "2025-12-01T02:30:57.729Z" },
]

[[package]]
name = "six"
version = "1.17.0"
source = { registry = "https://pypi.org/simple" }
sdist = { url = "https://files.pythonhosted.org/packages/94/e7/b2c673351809dca68a0e064b6af791aa332cf192da575fd474ed7d6f16a2/six-1.17.0.tar.gz", hash = "sha256:ff70335d468e7eb6ec65b95b99d3a2836546063f63acc5171de367e834932a81", size = 34031, upload-time = "2024-12-04T17:35:28.174Z" }
wheels = [
    { url = "https://files.pythonhosted.org/packages/b7/ce/149a00dd41f10bc29e5921b496af8b574d8413afcd5e30dfa0ed46c2cc5e/six-1.17.0-py2.py3-none-any.whl", hash = "sha256:4721f391ed90541fddacab5acf947aa0d3dc7d27b2e1e8eda2be8970586c3274", size = 11050, upload-time = "2024-12-04T17:35:26.475Z" },
]

[[package]]
name = "sqlparse"
version = "0.5.5"
source = { registry = "https://pypi.org/simple" }
sdist = { url = "https://files.pythonhosted.org/packages/90/76/437d71068094df0726366574cf3432a4ed754217b436eb7429415cf2d480/sqlparse-0.5.5.tar.gz", hash = "sha256:e20d4a9b0b8585fdf63b10d30066c7c94c5d7a7ec47c889a2d83a3caa93ff28e", size = 120815, upload-time = "2025-12-19T07:17:45.073Z" }
wheels = [
    { url = "https://files.pythonhosted.org/packages/49/4b/359f28a903c13438ef59ebeee215fb25da53066db67b305c125f1c6d2a25/sqlparse-0.5.5-py3-none-any.whl", hash = "sha256:12a08b3bf3eec877c519589833aed092e2444e68240a3577e8e26148acc7b1ba", size = 46138, upload-time = "2025-12-19T07:17:46.573Z" },
]

[[package]]
name = "types-awscrt"
version = "0.31.2"
source = { registry = "https://pypi.org/simple" }
sdist = { url = "https://files.pythonhosted.org/packages/18/24/5497a611f32cbaf4b9e1af35f56463e8f02e198ec513b68cb59a63f5a446/types_awscrt-0.31.2.tar.gz", hash = "sha256:dc79705acd24094656b8105b8d799d7e273c8eac37c69137df580cd84beb54f6", size = 18190, upload-time = "2026-02-16T02:33:53.135Z" }
wheels = [
    { url = "https://files.pythonhosted.org/packages/ab/3d/21a2212b5fcef9e8e9f368403885dc567b7d31e50b2ce393efad3cd83572/types_awscrt-0.31.2-py3-none-any.whl", hash = "sha256:3d6a29c1cca894b191be408f4d985a8e3a14d919785652dd3fa4ee558143e4bf", size = 43340, upload-time = "2026-02-16T02:33:52.109Z" },
]

[[package]]
name = "types-pyyaml"
version = "6.0.12.20250915"
source = { registry = "https://pypi.org/simple" }
sdist = { url = "https://files.pythonhosted.org/packages/7e/69/3c51b36d04da19b92f9e815be12753125bd8bc247ba0470a982e6979e71c/types_pyyaml-6.0.12.20250915.tar.gz", hash = "sha256:0f8b54a528c303f0e6f7165687dd33fafa81c807fcac23f632b63aa624ced1d3", size = 17522, upload-time = "2025-09-15T03:01:00.728Z" }
wheels = [
    { url = "https://files.pythonhosted.org/packages/bd/e0/1eed384f02555dde685fff1a1ac805c1c7dcb6dd019c916fe659b1c1f9ec/types_pyyaml-6.0.12.20250915-py3-none-any.whl", hash = "sha256:e7d4d9e064e89a3b3cae120b4990cd370874d2bf12fa5f46c97018dd5d3c9ab6", size = 20338, upload-time = "2025-09-15T03:00:59.218Z" },
]

[[package]]
name = "types-s3transfer"
version = "0.16.0"
source = { registry = "https://pypi.org/simple" }
sdist = { url = "https://files.pythonhosted.org/packages/fe/64/42689150509eb3e6e82b33ee3d89045de1592488842ddf23c56957786d05/types_s3transfer-0.16.0.tar.gz", hash = "sha256:b4636472024c5e2b62278c5b759661efeb52a81851cde5f092f24100b1ecb443", size = 13557, upload-time = "2025-12-08T08:13:09.928Z" }
wheels = [
    { url = "https://files.pythonhosted.org/packages/98/27/e88220fe6274eccd3bdf95d9382918716d312f6f6cef6a46332d1ee2feff/types_s3transfer-0.16.0-py3-none-any.whl", hash = "sha256:1c0cd111ecf6e21437cb410f5cddb631bfb2263b77ad973e79b9c6d0cb24e0ef", size = 19247, upload-time = "2025-12-08T08:13:08.426Z" },
]

[[package]]
name = "typing-extensions"
version = "4.15.0"
source = { registry = "https://pypi.org/simple" }
sdist = { url = "https://files.pythonhosted.org/packages/72/94/1a15dd82efb362ac84269196e94cf00f187f7ed21c242792a923cdb1c61f/typing_extensions-4.15.0.tar.gz", hash = "sha256:0cea48d173cc12fa28ecabc3b837ea3cf6f38c6d1136f85cbaaf598984861466", size = 109391, upload-time = "2025-08-25T13:49:26.313Z" }
wheels = [
    { url = "https://files.pythonhosted.org/packages/18/67/36e9267722cc04a6b9f15c7f3441c2363321a3ea07da7ae0c0707beb2a9c/typing_extensions-4.15.0-py3-none-any.whl", hash = "sha256:f0fa19c6845758ab08074a0cfa8b7aecb71c999ca73d62883bc25cc018c4e548", size = 44614, upload-time = "2025-08-25T13:49:24.86Z" },
]

[[package]]
name = "tzdata"
version = "2025.3"
source = { registry = "https://pypi.org/simple" }
sdist = { url = "https://files.pythonhosted.org/packages/5e/a7/c202b344c5ca7daf398f3b8a477eeb205cf3b6f32e7ec3a6bac0629ca975/tzdata-2025.3.tar.gz", hash = "sha256:de39c2ca5dc7b0344f2eba86f49d614019d29f060fc4ebc8a417896a620b56a7", size = 196772, upload-time = "2025-12-13T17:45:35.667Z" }
wheels = [
    { url = "https://files.pythonhosted.org/packages/c7/b0/003792df09decd6849a5e39c28b513c06e84436a54440380862b5aeff25d/tzdata-2025.3-py2.py3-none-any.whl", hash = "sha256:06a47e5700f3081aab02b2e513160914ff0694bce9947d6b76ebd6bf57cfc5d1", size = 348521, upload-time = "2025-12-13T17:45:33.889Z" },
]

[[package]]
name = "urllib3"
version = "2.6.3"
source = { registry = "https://pypi.org/simple" }
sdist = { url = "https://files.pythonhosted.org/packages/c7/24/5f1b3bdffd70275f6661c76461e25f024d5a38a46f04aaca912426a2b1d3/urllib3-2.6.3.tar.gz", hash = "sha256:1b62b6884944a57dbe321509ab94fd4d3b307075e0c2eae991ac71ee15ad38ed", size = 435556, upload-time = "2026-01-07T16:24:43.925Z" }
wheels = [
    { url = "https://files.pythonhosted.org/packages/39/08/aaaad47bc4e9dc8c725e68f9d04865dbcb2052843ff09c97b08904852d84/urllib3-2.6.3-py3-none-any.whl", hash = "sha256:bf272323e553dfb2e87d9bfd225ca7b0f467b919d7bbd355436d3fd37cb0acd4", size = 131584, upload-time = "2026-01-07T16:24:42.685Z" },
]
